
Microsoft Visual Studio Solution File, Format Version 12.00
# Visual Studio Version 17
VisualStudioVersion = 17.4.33213.308
MinimumVisualStudioVersion = 10.0.40219.1
Project("{9A19103F-16F7-4668-BE54-9A1E7A4F7556}") = "AllKeys", "AllKeys\AllKeys.csproj", "{B17EA5F1-09BC-4E71-9118-60EE3BA622D5}"
EndProject
Project("{54435603-DBB4-11D2-8724-00A0C9A8B90C}") = "Installer", "Installer\Installer.vdproj", "{8C1084C6-A0CF-4F31-AD26-D567640773DD}"
EndProject
Global
	GlobalSection(SolutionConfigurationPlatforms) = preSolution
		All|Any CPU = All|Any CPU
		Debug|Any CPU = Debug|Any CPU
		Release|Any CPU = Release|Any CPU
	EndGlobalSection
	GlobalSection(ProjectConfigurationPlatforms) = postSolution
		{B17EA5F1-09BC-4E71-9118-60EE3BA622D5}.All|Any CPU.ActiveCfg = Release|Any CPU
		{B17EA5F1-09BC-4E71-9118-60EE3BA622D5}.All|Any CPU.Build.0 = Release|Any CPU
		{B17EA5F1-09BC-4E71-9118-60EE3BA622D5}.Debug|Any CPU.ActiveCfg = Release|Any CPU
		{B17EA5F1-09BC-4E71-9118-60EE3BA622D5}.Debug|Any CPU.Build.0 = Release|Any CPU
		{B17EA5F1-09BC-4E71-9118-60EE3BA622D5}.Release|Any CPU.ActiveCfg = Release|Any CPU
		{B17EA5F1-09BC-4E71-9118-60EE3BA622D5}.Release|Any CPU.Build.0 = Release|Any CPU
		{8C1084C6-A0CF-4F31-AD26-D567640773DD}.All|Any CPU.ActiveCfg = Debug
		{8C1084C6-A0CF-4F31-AD26-D567640773DD}.Debug|Any CPU.ActiveCfg = Debug
		{8C1084C6-A0CF-4F31-AD26-D567640773DD}.Release|Any CPU.ActiveCfg = Release
	EndGlobalSection
	GlobalSection(SolutionProperties) = preSolution
		HideSolutionNode = FALSE
	EndGlobalSection
	GlobalSection(ExtensibilityGlobals) = postSolution
		SolutionGuid = {97981DF2-905C-4008-8193-F71317FA4A55}
	EndGlobalSection
EndGlobal
